
Microsoft Visual Studio Solution File, Format Version 12.00
# Visual Studio Version 17
VisualStudioVersion = 17.11.35222.181
MinimumVisualStudioVersion = 10.0.40219.1
Project("{FAE04EC0-301F-11D3-BF4B-00C04F79EFBC}") = "CALCULADORA FODA", "CALCULADORA FODA\CALCULADORA FODA.csproj", "{40C446F2-B277-4D76-8183-4123A330FFDF}"
EndProject
Global
	GlobalSection(SolutionConfigurationPlatforms) = preSolution
		Debug|Any CPU = Debug|Any CPU
		Release|Any CPU = Release|Any CPU
	EndGlobalSection
	GlobalSection(ProjectConfigurationPlatforms) = postSolution
		{40C446F2-B277-4D76-8183-4123A330FFDF}.Debug|Any CPU.ActiveCfg = Debug|Any CPU
		{40C446F2-B277-4D76-8183-4123A330FFDF}.Debug|Any CPU.Build.0 = Debug|Any CPU
		{40C446F2-B277-4D76-8183-4123A330FFDF}.Release|Any CPU.ActiveCfg = Release|Any CPU
		{40C446F2-B277-4D76-8183-4123A330FFDF}.Release|Any CPU.Build.0 = Release|Any CPU
	EndGlobalSection
	GlobalSection(SolutionProperties) = preSolution
		HideSolutionNode = FALSE
	EndGlobalSection
	GlobalSection(ExtensibilityGlobals) = postSolution
		SolutionGuid = {77D20141-391E-476B-97A7-A712E34DB088}
	EndGlobalSection
EndGlobal
